// !$*UTF8*$!
{
	archiveVersion = 1;
	classes = {
	};
	objectVersion = 55;
	objects = {

/* Begin PBXBuildFile section */
		13019DBE2757BDBF000A5826 /* PresentAnimator.swift in Sources */ = {isa = PBXBuildFile; fileRef = 13019DBD2757BDBF000A5826 /* PresentAnimator.swift */; };
		13019DC02757BDE1000A5826 /* DismissAnimator.swift in Sources */ = {isa = PBXBuildFile; fileRef = 13019DBF2757BDE1000A5826 /* DismissAnimator.swift */; };
		13019DC22757D7E0000A5826 /* VideoPlayerCollectionViewCell.swift in Sources */ = {isa = PBXBuildFile; fileRef = 13019DC12757D7E0000A5826 /* VideoPlayerCollectionViewCell.swift */; };
		13019DC42757D7E7000A5826 /* VideoPlayerCollectionViewCell.xib in Resources */ = {isa = PBXBuildFile; fileRef = 13019DC32757D7E7000A5826 /* VideoPlayerCollectionViewCell.xib */; };
		133A35E62754E2E000802F0C /* AppDelegate.swift in Sources */ = {isa = PBXBuildFile; fileRef = 133A35E52754E2E000802F0C /* AppDelegate.swift */; };
		133A35ED2754E2E000802F0C /* Main.storyboard in Resources */ = {isa = PBXBuildFile; fileRef = 133A35EB2754E2E000802F0C /* Main.storyboard */; };
		133A35EF2754E2E300802F0C /* Assets.xcassets in Resources */ = {isa = PBXBuildFile; fileRef = 133A35EE2754E2E300802F0C /* Assets.xcassets */; };
		133A35F22754E2E300802F0C /* LaunchScreen.storyboard in Resources */ = {isa = PBXBuildFile; fileRef = 133A35F02754E2E300802F0C /* LaunchScreen.storyboard */; };
		133A36142754E36000802F0C /* assignment.json in Resources */ = {isa = PBXBuildFile; fileRef = 133A36132754E36000802F0C /* assignment.json */; };
		133A361A2754E3F400802F0C /* ExploreScreenViewController.swift in Sources */ = {isa = PBXBuildFile; fileRef = 133A36192754E3F400802F0C /* ExploreScreenViewController.swift */; };
		133A361C2754E40E00802F0C /* VideoPlayerViewController.swift in Sources */ = {isa = PBXBuildFile; fileRef = 133A361B2754E40E00802F0C /* VideoPlayerViewController.swift */; };
		133A36212754E60D00802F0C /* ExploreResponse.swift in Sources */ = {isa = PBXBuildFile; fileRef = 133A361E2754E60D00802F0C /* ExploreResponse.swift */; };
		133A36222754E60D00802F0C /* Nodes.swift in Sources */ = {isa = PBXBuildFile; fileRef = 133A361F2754E60D00802F0C /* Nodes.swift */; };
		133A36232754E60D00802F0C /* Video.swift in Sources */ = {isa = PBXBuildFile; fileRef = 133A36202754E60D00802F0C /* Video.swift */; };
		133A36252754E6FB00802F0C /* ExploreTableViewCell.swift in Sources */ = {isa = PBXBuildFile; fileRef = 133A36242754E6FB00802F0C /* ExploreTableViewCell.swift */; };
		133A36272754E70800802F0C /* ExploreTableViewCell.xib in Resources */ = {isa = PBXBuildFile; fileRef = 133A36262754E70800802F0C /* ExploreTableViewCell.xib */; };
		133A36292754EAA600802F0C /* ResponseData.swift in Sources */ = {isa = PBXBuildFile; fileRef = 133A36282754EAA600802F0C /* ResponseData.swift */; };
		13D2EA982756756F00AEDA70 /* GridCollectionViewCell.swift in Sources */ = {isa = PBXBuildFile; fileRef = 13D2EA972756756F00AEDA70 /* GridCollectionViewCell.swift */; };
		13D2EA9A2756757700AEDA70 /* GridCollectionViewCell.xib in Resources */ = {isa = PBXBuildFile; fileRef = 13D2EA992756757700AEDA70 /* GridCollectionViewCell.xib */; };
/* End PBXBuildFile section */

/* Begin PBXFileReference section */
		13019DBD2757BDBF000A5826 /* PresentAnimator.swift */ = {isa = PBXFileReference; lastKnownFileType = sourcecode.swift; path = PresentAnimator.swift; sourceTree = "<group>"; };
		13019DBF2757BDE1000A5826 /* DismissAnimator.swift */ = {isa = PBXFileReference; lastKnownFileType = sourcecode.swift; path = DismissAnimator.swift; sourceTree = "<group>"; };
		13019DC12757D7E0000A5826 /* VideoPlayerCollectionViewCell.swift */ = {isa = PBXFileReference; lastKnownFileType = sourcecode.swift; path = VideoPlayerCollectionViewCell.swift; sourceTree = "<group>"; };
		13019DC32757D7E7000A5826 /* VideoPlayerCollectionViewCell.xib */ = {isa = PBXFileReference; lastKnownFileType = file.xib; path = VideoPlayerCollectionViewCell.xib; sourceTree = "<group>"; };
		133A35E22754E2E000802F0C /* VideoLibrary.app */ = {isa = PBXFileReference; explicitFileType = wrapper.application; includeInIndex = 0; path = VideoLibrary.app; sourceTree = BUILT_PRODUCTS_DIR; };
		133A35E52754E2E000802F0C /* AppDelegate.swift */ = {isa = PBXFileReference; lastKnownFileType = sourcecode.swift; path = AppDelegate.swift; sourceTree = "<group>"; };
		133A35EC2754E2E000802F0C /* Base */ = {isa = PBXFileReference; lastKnownFileType = file.storyboard; name = Base; path = Base.lproj/Main.storyboard; sourceTree = "<group>"; };
		133A35EE2754E2E300802F0C /* Assets.xcassets */ = {isa = PBXFileReference; lastKnownFileType = folder.assetcatalog; path = Assets.xcassets; sourceTree = "<group>"; };
		133A35F12754E2E300802F0C /* Base */ = {isa = PBXFileReference; lastKnownFileType = file.storyboard; name = Base; path = Base.lproj/LaunchScreen.storyboard; sourceTree = "<group>"; };
		133A35F32754E2E300802F0C /* Info.plist */ = {isa = PBXFileReference; lastKnownFileType = text.plist.xml; path = Info.plist; sourceTree = "<group>"; };
		133A36132754E36000802F0C /* assignment.json */ = {isa = PBXFileReference; fileEncoding = 4; lastKnownFileType = text.json; path = assignment.json; sourceTree = "<group>"; };
		133A36192754E3F400802F0C /* ExploreScreenViewController.swift */ = {isa = PBXFileReference; lastKnownFileType = sourcecode.swift; path = ExploreScreenViewController.swift; sourceTree = "<group>"; };
		133A361B2754E40E00802F0C /* VideoPlayerViewController.swift */ = {isa = PBXFileReference; lastKnownFileType = sourcecode.swift; path = VideoPlayerViewController.swift; sourceTree = "<group>"; };
		133A361E2754E60D00802F0C /* ExploreResponse.swift */ = {isa = PBXFileReference; fileEncoding = 4; lastKnownFileType = sourcecode.swift; path = ExploreResponse.swift; sourceTree = "<group>"; };
		133A361F2754E60D00802F0C /* Nodes.swift */ = {isa = PBXFileReference; fileEncoding = 4; lastKnownFileType = sourcecode.swift; path = Nodes.swift; sourceTree = "<group>"; };
		133A36202754E60D00802F0C /* Video.swift */ = {isa = PBXFileReference; fileEncoding = 4; lastKnownFileType = sourcecode.swift; path = Video.swift; sourceTree = "<group>"; };
		133A36242754E6FB00802F0C /* ExploreTableViewCell.swift */ = {isa = PBXFileReference; lastKnownFileType = sourcecode.swift; path = ExploreTableViewCell.swift; sourceTree = "<group>"; };
		133A36262754E70800802F0C /* ExploreTableViewCell.xib */ = {isa = PBXFileReference; lastKnownFileType = file.xib; path = ExploreTableViewCell.xib; sourceTree = "<group>"; };
		133A36282754EAA600802F0C /* ResponseData.swift */ = {isa = PBXFileReference; fileEncoding = 4; lastKnownFileType = sourcecode.swift; path = ResponseData.swift; sourceTree = "<group>"; };
		13D2EA972756756F00AEDA70 /* GridCollectionViewCell.swift */ = {isa = PBXFileReference; lastKnownFileType = sourcecode.swift; path = GridCollectionViewCell.swift; sourceTree = "<group>"; };
		13D2EA992756757700AEDA70 /* GridCollectionViewCell.xib */ = {isa = PBXFileReference; lastKnownFileType = file.xib; path = GridCollectionViewCell.xib; sourceTree = "<group>"; };
/* End PBXFileReference section */

/* Begin PBXFrameworksBuildPhase section */
		133A35DF2754E2E000802F0C /* Frameworks */ = {
			isa = PBXFrameworksBuildPhase;
			buildActionMask = 2147483647;
			files = (
			);
			runOnlyForDeploymentPostprocessing = 0;
		};
/* End PBXFrameworksBuildPhase section */

/* Begin PBXGroup section */
		133A35D92754E2E000802F0C = {
			isa = PBXGroup;
			children = (
				133A35E42754E2E000802F0C /* VideoLibrary */,
				133A35E32754E2E000802F0C /* Products */,
			);
			sourceTree = "<group>";
		};
		133A35E32754E2E000802F0C /* Products */ = {
			isa = PBXGroup;
			children = (
				133A35E22754E2E000802F0C /* VideoLibrary.app */,
			);
			name = Products;
			sourceTree = "<group>";
		};
		133A35E42754E2E000802F0C /* VideoLibrary */ = {
			isa = PBXGroup;
			children = (
				133A35E52754E2E000802F0C /* AppDelegate.swift */,
				133A35F32754E2E300802F0C /* Info.plist */,
				133A36122754E34D00802F0C /* Resources */,
				133A36022754E33900802F0C /* Models */,
				133A36152754E38900802F0C /* InterfaceBuilder */,
				133A36082754E33900802F0C /* Controllers */,
			);
			path = VideoLibrary;
			sourceTree = "<group>";
		};
		133A36022754E33900802F0C /* Models */ = {
			isa = PBXGroup;
			children = (
				133A36032754E33900802F0C /* WebService Response */,
			);
			path = Models;
			sourceTree = "<group>";
		};
		133A36032754E33900802F0C /* WebService Response */ = {
			isa = PBXGroup;
			children = (
				133A361D2754E5F900802F0C /* ExploreScreenResponse */,
			);
			path = "WebService Response";
			sourceTree = "<group>";
		};
		133A36082754E33900802F0C /* Controllers */ = {
			isa = PBXGroup;
			children = (
				133A36192754E3F400802F0C /* ExploreScreenViewController.swift */,
				133A361B2754E40E00802F0C /* VideoPlayerViewController.swift */,
				13019DBD2757BDBF000A5826 /* PresentAnimator.swift */,
				13019DBF2757BDE1000A5826 /* DismissAnimator.swift */,
			);
			path = Controllers;
			sourceTree = "<group>";
		};
		133A36122754E34D00802F0C /* Resources */ = {
			isa = PBXGroup;
			children = (
				133A36132754E36000802F0C /* assignment.json */,
				133A35EE2754E2E300802F0C /* Assets.xcassets */,
			);
			path = Resources;
			sourceTree = "<group>";
		};
		133A36152754E38900802F0C /* InterfaceBuilder */ = {
			isa = PBXGroup;
			children = (
				133A36182754E3B900802F0C /* CollectionViewCells */,
				133A36172754E3B300802F0C /* TableViewCells */,
				133A36162754E3A000802F0C /* Storyboards */,
			);
			path = InterfaceBuilder;
			sourceTree = "<group>";
		};
		133A36162754E3A000802F0C /* Storyboards */ = {
			isa = PBXGroup;
			children = (
				133A35EB2754E2E000802F0C /* Main.storyboard */,
				133A35F02754E2E300802F0C /* LaunchScreen.storyboard */,
			);
			path = Storyboards;
			sourceTree = "<group>";
		};
		133A36172754E3B300802F0C /* TableViewCells */ = {
			isa = PBXGroup;
			children = (
				133A36242754E6FB00802F0C /* ExploreTableViewCell.swift */,
				133A36262754E70800802F0C /* ExploreTableViewCell.xib */,
			);
			path = TableViewCells;
			sourceTree = "<group>";
		};
		133A36182754E3B900802F0C /* CollectionViewCells */ = {
			isa = PBXGroup;
			children = (
				13D2EA972756756F00AEDA70 /* GridCollectionViewCell.swift */,
				13D2EA992756757700AEDA70 /* GridCollectionViewCell.xib */,
				13019DC12757D7E0000A5826 /* VideoPlayerCollectionViewCell.swift */,
				13019DC32757D7E7000A5826 /* VideoPlayerCollectionViewCell.xib */,
			);
			path = CollectionViewCells;
			sourceTree = "<group>";
		};
		133A361D2754E5F900802F0C /* ExploreScreenResponse */ = {
			isa = PBXGroup;
			children = (
				133A361E2754E60D00802F0C /* ExploreResponse.swift */,
				133A36282754EAA600802F0C /* ResponseData.swift */,
				133A361F2754E60D00802F0C /* Nodes.swift */,
				133A36202754E60D00802F0C /* Video.swift */,
			);
			path = ExploreScreenResponse;
			sourceTree = "<group>";
		};
/* End PBXGroup section */

/* Begin PBXNativeTarget section */
		133A35E12754E2E000802F0C /* VideoLibrary */ = {
			isa = PBXNativeTarget;
			buildConfigurationList = 133A35F62754E2E300802F0C /* Build configuration list for PBXNativeTarget "VideoLibrary" */;
			buildPhases = (
				133A35DE2754E2E000802F0C /* Sources */,
				133A35DF2754E2E000802F0C /* Frameworks */,
				133A35E02754E2E000802F0C /* Resources */,
			);
			buildRules = (
			);
			dependencies = (
			);
			name = VideoLibrary;
			productName = VideoLibrary;
			productReference = 133A35E22754E2E000802F0C /* VideoLibrary.app */;
			productType = "com.apple.product-type.application";
		};
/* End PBXNativeTarget section */

/* Begin PBXProject section */
		133A35DA2754E2E000802F0C /* Project object */ = {
			isa = PBXProject;
			attributes = {
				BuildIndependentTargetsInParallel = 1;
				LastSwiftUpdateCheck = 1300;
				LastUpgradeCheck = 1300;
				TargetAttributes = {
					133A35E12754E2E000802F0C = {
						CreatedOnToolsVersion = 13.0;
					};
				};
			};
			buildConfigurationList = 133A35DD2754E2E000802F0C /* Build configuration list for PBXProject "VideoLibrary" */;
			compatibilityVersion = "Xcode 13.0";
			developmentRegion = en;
			hasScannedForEncodings = 0;
			knownRegions = (
				en,
				Base,
			);
			mainGroup = 133A35D92754E2E000802F0C;
			productRefGroup = 133A35E32754E2E000802F0C /* Products */;
			projectDirPath = "";
			projectRoot = "";
			targets = (
				133A35E12754E2E000802F0C /* VideoLibrary */,
			);
		};
/* End PBXProject section */

/* Begin PBXResourcesBuildPhase section */
		133A35E02754E2E000802F0C /* Resources */ = {
			isa = PBXResourcesBuildPhase;
			buildActionMask = 2147483647;
			files = (
				133A36142754E36000802F0C /* assignment.json in Resources */,
				133A36272754E70800802F0C /* ExploreTableViewCell.xib in Resources */,
				13019DC42757D7E7000A5826 /* VideoPlayerCollectionViewCell.xib in Resources */,
				13D2EA9A2756757700AEDA70 /* GridCollectionViewCell.xib in Resources */,
				133A35F22754E2E300802F0C /* LaunchScreen.storyboard in Resources */,
				133A35EF2754E2E300802F0C /* Assets.xcassets in Resources */,
				133A35ED2754E2E000802F0C /* Main.storyboard in Resources */,
			);
			runOnlyForDeploymentPostprocessing = 0;
		};
/* End PBXResourcesBuildPhase section */

/* Begin PBXSourcesBuildPhase section */
		133A35DE2754E2E000802F0C /* Sources */ = {
			isa = PBXSourcesBuildPhase;
			buildActionMask = 2147483647;
			files = (
				13019DC22757D7E0000A5826 /* VideoPlayerCollectionViewCell.swift in Sources */,
				133A36222754E60D00802F0C /* Nodes.swift in Sources */,
				133A36252754E6FB00802F0C /* ExploreTableViewCell.swift in Sources */,
				133A36232754E60D00802F0C /* Video.swift in Sources */,
				133A36212754E60D00802F0C /* ExploreResponse.swift in Sources */,
				133A361A2754E3F400802F0C /* ExploreScreenViewController.swift in Sources */,
				133A36292754EAA600802F0C /* ResponseData.swift in Sources */,
				133A361C2754E40E00802F0C /* VideoPlayerViewController.swift in Sources */,
				13D2EA982756756F00AEDA70 /* GridCollectionViewCell.swift in Sources */,
				133A35E62754E2E000802F0C /* AppDelegate.swift in Sources */,
				13019DBE2757BDBF000A5826 /* PresentAnimator.swift in Sources */,
				13019DC02757BDE1000A5826 /* DismissAnimator.swift in Sources */,
			);
			runOnlyForDeploymentPostprocessing = 0;
		};
/* End PBXSourcesBuildPhase section */

/* Begin PBXVariantGroup section */
		133A35EB2754E2E000802F0C /* Main.storyboard */ = {
			isa = PBXVariantGroup;
			children = (
				133A35EC2754E2E000802F0C /* Base */,
			);
			name = Main.storyboard;
			sourceTree = "<group>";
		};
		133A35F02754E2E300802F0C /* LaunchScreen.storyboard */ = {
			isa = PBXVariantGroup;
			children = (
				133A35F12754E2E300802F0C /* Base */,
			);
			name = LaunchScreen.storyboard;
			sourceTree = "<group>";
		};
/* End PBXVariantGroup section */

/* Begin XCBuildConfiguration section */
		133A35F42754E2E300802F0C /* Debug */ = {
			isa = XCBuildConfiguration;
			buildSettings = {
				ALWAYS_SEARCH_USER_PATHS = NO;
				CLANG_ANALYZER_NONNULL = YES;
				CLANG_ANALYZER_NUMBER_OBJECT_CONVERSION = YES_AGGRESSIVE;
				CLANG_CXX_LANGUAGE_STANDARD = "gnu++17";
				CLANG_CXX_LIBRARY = "libc++";
				CLANG_ENABLE_MODULES = YES;
				CLANG_ENABLE_OBJC_ARC = YES;
				CLANG_ENABLE_OBJC_WEAK = YES;
				CLANG_WARN_BLOCK_CAPTURE_AUTORELEASING = YES;
				CLANG_WARN_BOOL_CONVERSION = YES;
				CLANG_WARN_COMMA = YES;
				CLANG_WARN_CONSTANT_CONVERSION = YES;
				CLANG_WARN_DEPRECATED_OBJC_IMPLEMENTATIONS = YES;
				CLANG_WARN_DIRECT_OBJC_ISA_USAGE = YES_ERROR;
				CLANG_WARN_DOCUMENTATION_COMMENTS = YES;
				CLANG_WARN_EMPTY_BODY = YES;
				CLANG_WARN_ENUM_CONVERSION = YES;
				CLANG_WARN_INFINITE_RECURSION = YES;
				CLANG_WARN_INT_CONVERSION = YES;
				CLANG_WARN_NON_LITERAL_NULL_CONVERSION = YES;
				CLANG_WARN_OBJC_IMPLICIT_RETAIN_SELF = YES;
				CLANG_WARN_OBJC_LITERAL_CONVERSION = YES;
				CLANG_WARN_OBJC_ROOT_CLASS = YES_ERROR;
				CLANG_WARN_QUOTED_INCLUDE_IN_FRAMEWORK_HEADER = YES;
				CLANG_WARN_RANGE_LOOP_ANALYSIS = YES;
				CLANG_WARN_STRICT_PROTOTYPES = YES;
				CLANG_WARN_SUSPICIOUS_MOVE = YES;
				CLANG_WARN_UNGUARDED_AVAILABILITY = YES_AGGRESSIVE;
				CLANG_WARN_UNREACHABLE_CODE = YES;
				CLANG_WARN__DUPLICATE_METHOD_MATCH = YES;
				COPY_PHASE_STRIP = NO;
				DEBUG_INFORMATION_FORMAT = dwarf;
				ENABLE_STRICT_OBJC_MSGSEND = YES;
				ENABLE_TESTABILITY = YES;
				GCC_C_LANGUAGE_STANDARD = gnu11;
				GCC_DYNAMIC_NO_PIC = NO;
				GCC_NO_COMMON_BLOCKS = YES;
				GCC_OPTIMIZATION_LEVEL = 0;
				GCC_PREPROCESSOR_DEFINITIONS = (
					"DEBUG=1",
					"$(inherited)",
				);
				GCC_WARN_64_TO_32_BIT_CONVERSION = YES;
				GCC_WARN_ABOUT_RETURN_TYPE = YES_ERROR;
				GCC_WARN_UNDECLARED_SELECTOR = YES;
				GCC_WARN_UNINITIALIZED_AUTOS = YES_AGGRESSIVE;
				GCC_WARN_UNUSED_FUNCTION = YES;
				GCC_WARN_UNUSED_VARIABLE = YES;
				IPHONEOS_DEPLOYMENT_TARGET = 15.0;
				MTL_ENABLE_DEBUG_INFO = INCLUDE_SOURCE;
				MTL_FAST_MATH = YES;
				ONLY_ACTIVE_ARCH = YES;
				SDKROOT = iphoneos;
				SWIFT_ACTIVE_COMPILATION_CONDITIONS = DEBUG;
				SWIFT_OPTIMIZATION_LEVEL = "-Onone";
			};
			name = Debug;
		};
		133A35F52754E2E300802F0C /* Release */ = {
			isa = XCBuildConfiguration;
			buildSettings = {
				ALWAYS_SEARCH_USER_PATHS = NO;
				CLANG_ANALYZER_NONNULL = YES;
				CLANG_ANALYZER_NUMBER_OBJECT_CONVERSION = YES_AGGRESSIVE;
				CLANG_CXX_LANGUAGE_STANDARD = "gnu++17";
				CLANG_CXX_LIBRARY = "libc++";
				CLANG_ENABLE_MODULES = YES;
				CLANG_ENABLE_OBJC_ARC = YES;
				CLANG_ENABLE_OBJC_WEAK = YES;
				CLANG_WARN_BLOCK_CAPTURE_AUTORELEASING = YES;
				CLANG_WARN_BOOL_CONVERSION = YES;
				CLANG_WARN_COMMA = YES;
				CLANG_WARN_CONSTANT_CONVERSION = YES;
				CLANG_WARN_DEPRECATED_OBJC_IMPLEMENTATIONS = YES;
				CLANG_WARN_DIRECT_OBJC_ISA_USAGE = YES_ERROR;
				CLANG_WARN_DOCUMENTATION_COMMENTS = YES;
				CLANG_WARN_EMPTY_BODY = YES;
				CLANG_WARN_ENUM_CONVERSION = YES;
				CLANG_WARN_INFINITE_RECURSION = YES;
				CLANG_WARN_INT_CONVERSION = YES;
				CLANG_WARN_NON_LITERAL_NULL_CONVERSION = YES;
				CLANG_WARN_OBJC_IMPLICIT_RETAIN_SELF = YES;
				CLANG_WARN_OBJC_LITERAL_CONVERSION = YES;
				CLANG_WARN_OBJC_ROOT_CLASS = YES_ERROR;
				CLANG_WARN_QUOTED_INCLUDE_IN_FRAMEWORK_HEADER = YES;
				CLANG_WARN_RANGE_LOOP_ANALYSIS = YES;
				CLANG_WARN_STRICT_PROTOTYPES = YES;
				CLANG_WARN_SUSPICIOUS_MOVE = YES;
				CLANG_WARN_UNGUARDED_AVAILABILITY = YES_AGGRESSIVE;
				CLANG_WARN_UNREACHABLE_CODE = YES;
				CLANG_WARN__DUPLICATE_METHOD_MATCH = YES;
				COPY_PHASE_STRIP = NO;
				DEBUG_INFORMATION_FORMAT = "dwarf-with-dsym";
				ENABLE_NS_ASSERTIONS = NO;
				ENABLE_STRICT_OBJC_MSGSEND = YES;
				GCC_C_LANGUAGE_STANDARD = gnu11;
				GCC_NO_COMMON_BLOCKS = YES;
				GCC_WARN_64_TO_32_BIT_CONVERSION = YES;
				GCC_WARN_ABOUT_RETURN_TYPE = YES_ERROR;
				GCC_WARN_UNDECLARED_SELECTOR = YES;
				GCC_WARN_UNINITIALIZED_AUTOS = YES_AGGRESSIVE;
				GCC_WARN_UNUSED_FUNCTION = YES;
				GCC_WARN_UNUSED_VARIABLE = YES;
				IPHONEOS_DEPLOYMENT_TARGET = 15.0;
				MTL_ENABLE_DEBUG_INFO = NO;
				MTL_FAST_MATH = YES;
				SDKROOT = iphoneos;
				SWIFT_COMPILATION_MODE = wholemodule;
				SWIFT_OPTIMIZATION_LEVEL = "-O";
				VALIDATE_PRODUCT = YES;
			};
			name = Release;
		};
		133A35F72754E2E300802F0C /* Debug */ = {
			isa = XCBuildConfiguration;
			buildSettings = {
				ASSETCATALOG_COMPILER_APPICON_NAME = AppIcon;
				ASSETCATALOG_COMPILER_GLOBAL_ACCENT_COLOR_NAME = AccentColor;
				CODE_SIGN_STYLE = Automatic;
				CURRENT_PROJECT_VERSION = 1;
				GENERATE_INFOPLIST_FILE = YES;
				INFOPLIST_FILE = VideoLibrary/Info.plist;
				INFOPLIST_KEY_UIApplicationSupportsIndirectInputEvents = YES;
				INFOPLIST_KEY_UILaunchStoryboardName = LaunchScreen;
				INFOPLIST_KEY_UIMainStoryboardFile = Main;
				INFOPLIST_KEY_UISupportedInterfaceOrientations_iPad = "UIInterfaceOrientationPortrait UIInterfaceOrientationPortraitUpsideDown UIInterfaceOrientationLandscapeLeft UIInterfaceOrientationLandscapeRight";
				INFOPLIST_KEY_UISupportedInterfaceOrientations_iPhone = "UIInterfaceOrientationPortrait UIInterfaceOrientationLandscapeLeft UIInterfaceOrientationLandscapeRight";
				IPHONEOS_DEPLOYMENT_TARGET = 11.0;
				LD_RUNPATH_SEARCH_PATHS = (
					"$(inherited)",
					"@executable_path/Frameworks",
				);
				MARKETING_VERSION = 1.0;
				PRODUCT_BUNDLE_IDENTIFIER = com.batman.VideoLibrary;
				PRODUCT_NAME = "$(TARGET_NAME)";
				SWIFT_EMIT_LOC_STRINGS = YES;
				SWIFT_VERSION = 5.0;
				TARGETED_DEVICE_FAMILY = "1,2";
			};
			name = Debug;
		};
		133A35F82754E2E300802F0C /* Release */ = {
			isa = XCBuildConfiguration;
			buildSettings = {
				ASSETCATALOG_COMPILER_APPICON_NAME = AppIcon;
				ASSETCATALOG_COMPILER_GLOBAL_ACCENT_COLOR_NAME = AccentColor;
				CODE_SIGN_STYLE = Automatic;
				CURRENT_PROJECT_VERSION = 1;
				GENERATE_INFOPLIST_FILE = YES;
				INFOPLIST_FILE = VideoLibrary/Info.plist;
				INFOPLIST_KEY_UIApplicationSupportsIndirectInputEvents = YES;
				INFOPLIST_KEY_UILaunchStoryboardName = LaunchScreen;
				INFOPLIST_KEY_UIMainStoryboardFile = Main;
				INFOPLIST_KEY_UISupportedInterfaceOrientations_iPad = "UIInterfaceOrientationPortrait UIInterfaceOrientationPortraitUpsideDown UIInterfaceOrientationLandscapeLeft UIInterfaceOrientationLandscapeRight";
				INFOPLIST_KEY_UISupportedInterfaceOrientations_iPhone = "UIInterfaceOrientationPortrait UIInterfaceOrientationLandscapeLeft UIInterfaceOrientationLandscapeRight";
				IPHONEOS_DEPLOYMENT_TARGET = 11.0;
				LD_RUNPATH_SEARCH_PATHS = (
					"$(inherited)",
					"@executable_path/Frameworks",
				);
				MARKETING_VERSION = 1.0;
				PRODUCT_BUNDLE_IDENTIFIER = com.batman.VideoLibrary;
				PRODUCT_NAME = "$(TARGET_NAME)";
				SWIFT_EMIT_LOC_STRINGS = YES;
				SWIFT_VERSION = 5.0;
				TARGETED_DEVICE_FAMILY = "1,2";
			};
			name = Release;
		};
/* End XCBuildConfiguration section */

/* Begin XCConfigurationList section */
		133A35DD2754E2E000802F0C /* Build configuration list for PBXProject "VideoLibrary" */ = {
			isa = XCConfigurationList;
			buildConfigurations = (
				133A35F42754E2E300802F0C /* Debug */,
				133A35F52754E2E300802F0C /* Release */,
			);
			defaultConfigurationIsVisible = 0;
			defaultConfigurationName = Release;
		};
		133A35F62754E2E300802F0C /* Build configuration list for PBXNativeTarget "VideoLibrary" */ = {
			isa = XCConfigurationList;
			buildConfigurations = (
				133A35F72754E2E300802F0C /* Debug */,
				133A35F82754E2E300802F0C /* Release */,
			);
			defaultConfigurationIsVisible = 0;
			defaultConfigurationName = Release;
		};
/* End XCConfigurationList section */
	};
	rootObject = 133A35DA2754E2E000802F0C /* Project object */;
}
